
Microsoft Visual Studio Solution File, Format Version 12.00
# Visual Studio Version 16
VisualStudioVersion = 16.0.29418.71
MinimumVisualStudioVersion = 10.0.40219.1
Project("{FAE04EC0-301F-11D3-BF4B-00C04F79EFBC}") = "LOGIN_UI", "LOGIN_UI\LOGIN_UI.csproj", "{8064EC3E-97B2-41B6-91C7-BE610AE640F0}"
EndProject
Project("{FAE04EC0-301F-11D3-BF4B-00C04F79EFBC}") = "EXCEL_TO_DATABASE", "EXCEL_TO_DATABASE\EXCEL_TO_DATABASE.csproj", "{330D83E5-A7B4-477E-838F-5D40ED99A879}"
EndProject
Project("{FAE04EC0-301F-11D3-BF4B-00C04F79EFBC}") = "VIEW_SEQUENCE_FORM", "VIEW_SEQUENCE_FORM\VIEW_SEQUENCE_FORM.csproj", "{220030F5-E928-49D8-928B-0AA355206759}"
EndProject
Project("{FAE04EC0-301F-11D3-BF4B-00C04F79EFBC}") = "PRINT_FORM", "PRINT_FORM\PRINT_FORM.csproj", "{BDB98745-FD82-4BA8-9E4B-21E410F11F72}"
EndProject
Project("{FAE04EC0-301F-11D3-BF4B-00C04F79EFBC}") = "_SERVER", "_SERVER\_SERVER.csproj", "{32540891-1EFE-4BF6-B1E6-1AD895FA8272}"
EndProject
Project("{FAE04EC0-301F-11D3-BF4B-00C04F79EFBC}") = "MAIN_UI", "MAIN_UI\MAIN_UI.csproj", "{A1AB6AC6-EE60-42B2-83CA-27E590A3A1A1}"
EndProject
Project("{FAE04EC0-301F-11D3-BF4B-00C04F79EFBC}") = "MANAGER_FORM", "MANAGER_FORM\MANAGER_FORM.csproj", "{7BFD7D32-A68C-4A2C-8178-F65C29B37D67}"
EndProject
Global
	GlobalSection(SolutionConfigurationPlatforms) = preSolution
		Debug|Any CPU = Debug|Any CPU
		Debug|x64 = Debug|x64
		Debug|x86 = Debug|x86
		Release|Any CPU = Release|Any CPU
		Release|x64 = Release|x64
		Release|x86 = Release|x86
	EndGlobalSection
	GlobalSection(ProjectConfigurationPlatforms) = postSolution
		{8064EC3E-97B2-41B6-91C7-BE610AE640F0}.Debug|Any CPU.ActiveCfg = Debug|Any CPU
		{8064EC3E-97B2-41B6-91C7-BE610AE640F0}.Debug|Any CPU.Build.0 = Debug|Any CPU
		{8064EC3E-97B2-41B6-91C7-BE610AE640F0}.Debug|x64.ActiveCfg = Debug|x64
		{8064EC3E-97B2-41B6-91C7-BE610AE640F0}.Debug|x64.Build.0 = Debug|x64
		{8064EC3E-97B2-41B6-91C7-BE610AE640F0}.Debug|x86.ActiveCfg = Debug|x86
		{8064EC3E-97B2-41B6-91C7-BE610AE640F0}.Debug|x86.Build.0 = Debug|x86
		{8064EC3E-97B2-41B6-91C7-BE610AE640F0}.Release|Any CPU.ActiveCfg = Release|Any CPU
		{8064EC3E-97B2-41B6-91C7-BE610AE640F0}.Release|Any CPU.Build.0 = Release|Any CPU
		{8064EC3E-97B2-41B6-91C7-BE610AE640F0}.Release|x64.ActiveCfg = Release|x64
		{8064EC3E-97B2-41B6-91C7-BE610AE640F0}.Release|x64.Build.0 = Release|x64
		{8064EC3E-97B2-41B6-91C7-BE610AE640F0}.Release|x86.ActiveCfg = Release|x86
		{8064EC3E-97B2-41B6-91C7-BE610AE640F0}.Release|x86.Build.0 = Release|x86
		{330D83E5-A7B4-477E-838F-5D40ED99A879}.Debug|Any CPU.ActiveCfg = Debug|Any CPU
		{330D83E5-A7B4-477E-838F-5D40ED99A879}.Debug|Any CPU.Build.0 = Debug|Any CPU
		{330D83E5-A7B4-477E-838F-5D40ED99A879}.Debug|x64.ActiveCfg = Debug|x64
		{330D83E5-A7B4-477E-838F-5D40ED99A879}.Debug|x64.Build.0 = Debug|x64
		{330D83E5-A7B4-477E-838F-5D40ED99A879}.Debug|x86.ActiveCfg = Debug|x86
		{330D83E5-A7B4-477E-838F-5D40ED99A879}.Debug|x86.Build.0 = Debug|x86
		{330D83E5-A7B4-477E-838F-5D40ED99A879}.Release|Any CPU.ActiveCfg = Release|Any CPU
		{330D83E5-A7B4-477E-838F-5D40ED99A879}.Release|Any CPU.Build.0 = Release|Any CPU
		{330D83E5-A7B4-477E-838F-5D40ED99A879}.Release|x64.ActiveCfg = Release|x64
		{330D83E5-A7B4-477E-838F-5D40ED99A879}.Release|x64.Build.0 = Release|x64
		{330D83E5-A7B4-477E-838F-5D40ED99A879}.Release|x86.ActiveCfg = Release|x86
		{330D83E5-A7B4-477E-838F-5D40ED99A879}.Release|x86.Build.0 = Release|x86
		{220030F5-E928-49D8-928B-0AA355206759}.Debug|Any CPU.ActiveCfg = Debug|Any CPU
		{220030F5-E928-49D8-928B-0AA355206759}.Debug|Any CPU.Build.0 = Debug|Any CPU
		{220030F5-E928-49D8-928B-0AA355206759}.Debug|x64.ActiveCfg = Debug|x64
		{220030F5-E928-49D8-928B-0AA355206759}.Debug|x64.Build.0 = Debug|x64
		{220030F5-E928-49D8-928B-0AA355206759}.Debug|x86.ActiveCfg = Debug|x86
		{220030F5-E928-49D8-928B-0AA355206759}.Debug|x86.Build.0 = Debug|x86
		{220030F5-E928-49D8-928B-0AA355206759}.Release|Any CPU.ActiveCfg = Release|Any CPU
		{220030F5-E928-49D8-928B-0AA355206759}.Release|Any CPU.Build.0 = Release|Any CPU
		{220030F5-E928-49D8-928B-0AA355206759}.Release|x64.ActiveCfg = Release|x64
		{220030F5-E928-49D8-928B-0AA355206759}.Release|x64.Build.0 = Release|x64
		{220030F5-E928-49D8-928B-0AA355206759}.Release|x86.ActiveCfg = Release|x86
		{220030F5-E928-49D8-928B-0AA355206759}.Release|x86.Build.0 = Release|x86
		{BDB98745-FD82-4BA8-9E4B-21E410F11F72}.Debug|Any CPU.ActiveCfg = Debug|Any CPU
		{BDB98745-FD82-4BA8-9E4B-21E410F11F72}.Debug|Any CPU.Build.0 = Debug|Any CPU
		{BDB98745-FD82-4BA8-9E4B-21E410F11F72}.Debug|x64.ActiveCfg = Debug|x64
		{BDB98745-FD82-4BA8-9E4B-21E410F11F72}.Debug|x64.Build.0 = Debug|x64
		{BDB98745-FD82-4BA8-9E4B-21E410F11F72}.Debug|x86.ActiveCfg = Debug|x86
		{BDB98745-FD82-4BA8-9E4B-21E410F11F72}.Debug|x86.Build.0 = Debug|x86
		{BDB98745-FD82-4BA8-9E4B-21E410F11F72}.Release|Any CPU.ActiveCfg = Release|Any CPU
		{BDB98745-FD82-4BA8-9E4B-21E410F11F72}.Release|Any CPU.Build.0 = Release|Any CPU
		{BDB98745-FD82-4BA8-9E4B-21E410F11F72}.Release|x64.ActiveCfg = Release|x64
		{BDB98745-FD82-4BA8-9E4B-21E410F11F72}.Release|x64.Build.0 = Release|x64
		{BDB98745-FD82-4BA8-9E4B-21E410F11F72}.Release|x86.ActiveCfg = Release|x86
		{BDB98745-FD82-4BA8-9E4B-21E410F11F72}.Release|x86.Build.0 = Release|x86
		{32540891-1EFE-4BF6-B1E6-1AD895FA8272}.Debug|Any CPU.ActiveCfg = Debug|Any CPU
		{32540891-1EFE-4BF6-B1E6-1AD895FA8272}.Debug|Any CPU.Build.0 = Debug|Any CPU
		{32540891-1EFE-4BF6-B1E6-1AD895FA8272}.Debug|x64.ActiveCfg = Debug|x64
		{32540891-1EFE-4BF6-B1E6-1AD895FA8272}.Debug|x64.Build.0 = Debug|x64
		{32540891-1EFE-4BF6-B1E6-1AD895FA8272}.Debug|x86.ActiveCfg = Debug|x86
		{32540891-1EFE-4BF6-B1E6-1AD895FA8272}.Debug|x86.Build.0 = Debug|x86
		{32540891-1EFE-4BF6-B1E6-1AD895FA8272}.Release|Any CPU.ActiveCfg = Release|Any CPU
		{32540891-1EFE-4BF6-B1E6-1AD895FA8272}.Release|Any CPU.Build.0 = Release|Any CPU
		{32540891-1EFE-4BF6-B1E6-1AD895FA8272}.Release|x64.ActiveCfg = Release|x64
		{32540891-1EFE-4BF6-B1E6-1AD895FA8272}.Release|x64.Build.0 = Release|x64
		{32540891-1EFE-4BF6-B1E6-1AD895FA8272}.Release|x86.ActiveCfg = Release|x86
		{32540891-1EFE-4BF6-B1E6-1AD895FA8272}.Release|x86.Build.0 = Release|x86
		{A1AB6AC6-EE60-42B2-83CA-27E590A3A1A1}.Debug|Any CPU.ActiveCfg = Debug|Any CPU
		{A1AB6AC6-EE60-42B2-83CA-27E590A3A1A1}.Debug|Any CPU.Build.0 = Debug|Any CPU
		{A1AB6AC6-EE60-42B2-83CA-27E590A3A1A1}.Debug|x64.ActiveCfg = Debug|x64
		{A1AB6AC6-EE60-42B2-83CA-27E590A3A1A1}.Debug|x64.Build.0 = Debug|x64
		{A1AB6AC6-EE60-42B2-83CA-27E590A3A1A1}.Debug|x86.ActiveCfg = Debug|x86
		{A1AB6AC6-EE60-42B2-83CA-27E590A3A1A1}.Debug|x86.Build.0 = Debug|x86
		{A1AB6AC6-EE60-42B2-83CA-27E590A3A1A1}.Release|Any CPU.ActiveCfg = Release|Any CPU
		{A1AB6AC6-EE60-42B2-83CA-27E590A3A1A1}.Release|Any CPU.Build.0 = Release|Any CPU
		{A1AB6AC6-EE60-42B2-83CA-27E590A3A1A1}.Release|x64.ActiveCfg = Release|x64
		{A1AB6AC6-EE60-42B2-83CA-27E590A3A1A1}.Release|x64.Build.0 = Release|x64
		{A1AB6AC6-EE60-42B2-83CA-27E590A3A1A1}.Release|x86.ActiveCfg = Release|x86
		{A1AB6AC6-EE60-42B2-83CA-27E590A3A1A1}.Release|x86.Build.0 = Release|x86
		{7BFD7D32-A68C-4A2C-8178-F65C29B37D67}.Debug|Any CPU.ActiveCfg = Debug|Any CPU
		{7BFD7D32-A68C-4A2C-8178-F65C29B37D67}.Debug|Any CPU.Build.0 = Debug|Any CPU
		{7BFD7D32-A68C-4A2C-8178-F65C29B37D67}.Debug|x64.ActiveCfg = Debug|x64
		{7BFD7D32-A68C-4A2C-8178-F65C29B37D67}.Debug|x64.Build.0 = Debug|x64
		{7BFD7D32-A68C-4A2C-8178-F65C29B37D67}.Debug|x86.ActiveCfg = Debug|x86
		{7BFD7D32-A68C-4A2C-8178-F65C29B37D67}.Debug|x86.Build.0 = Debug|x86
		{7BFD7D32-A68C-4A2C-8178-F65C29B37D67}.Release|Any CPU.ActiveCfg = Release|Any CPU
		{7BFD7D32-A68C-4A2C-8178-F65C29B37D67}.Release|Any CPU.Build.0 = Release|Any CPU
		{7BFD7D32-A68C-4A2C-8178-F65C29B37D67}.Release|x64.ActiveCfg = Release|x64
		{7BFD7D32-A68C-4A2C-8178-F65C29B37D67}.Release|x64.Build.0 = Release|x64
		{7BFD7D32-A68C-4A2C-8178-F65C29B37D67}.Release|x86.ActiveCfg = Release|x86
		{7BFD7D32-A68C-4A2C-8178-F65C29B37D67}.Release|x86.Build.0 = Release|x86
	EndGlobalSection
	GlobalSection(SolutionProperties) = preSolution
		HideSolutionNode = FALSE
	EndGlobalSection
	GlobalSection(ExtensibilityGlobals) = postSolution
		SolutionGuid = {0B8A2DD3-9AD8-42C1-BA2B-E2B3AEBE78BD}
	EndGlobalSection
EndGlobal
